{
  "name": "snowball",
  "version": "0.0.0",
  "dependencies": {
    "browserify": {
      "version": "1.17.2",
      "dependencies": {
        "detective": {
          "version": "0.2.1",
          "dependencies": {
            "esprima": {
              "version": "0.9.9"
            }
          }
        },
        "buffer-browserify": {
          "version": "0.0.5",
          "dependencies": {
            "base64-js": {
              "version": "0.0.2"
            }
          }
        },
        "deputy": {
          "version": "0.0.4",
          "dependencies": {
            "mkdirp": {
              "version": "0.3.5"
            }
          }
        },
        "syntax-error": {
          "version": "0.0.0",
          "dependencies": {
            "esprima": {
              "version": "0.9.9"
            }
          }
        },
        "resolve": {
          "version": "0.2.3"
        },
        "nub": {
          "version": "0.0.0"
        },
        "commondir": {
          "version": "0.0.1"
        },
        "http-browserify": {
          "version": "0.1.8",
          "dependencies": {
            "concat-stream": {
              "version": "0.0.8"
            }
          }
        },
        "vm-browserify": {
          "version": "0.0.1"
        },
        "crypto-browserify": {
          "version": "0.2.1"
        }
      }
    },
    "jade": {
      "version": "0.27.5",
      "dependencies": {
        "commander": {
          "version": "0.6.1"
        },
        "mkdirp": {
          "version": "0.3.4"
        }
      }
    },
    "jade-runtime": {
      "version": "0.0.2",
      "from": "git://github.com/bjoerge/jade-runtime"
    },
    "optimist": {
      "version": "0.3.4",
      "dependencies": {
        "wordwrap": {
          "version": "0.0.2"
        }
      }
    },
    "coffee-script": {
      "version": "1.4.0"
    }
  }
}
